
Microsoft Visual Studio Solution File, Format Version 12.00
# Visual Studio Version 17
VisualStudioVersion = 17.9.34902.65
MinimumVisualStudioVersion = 10.0.40219.1
Project("{FAE04EC0-301F-11D3-BF4B-00C04F79EFBC}") = "network_finalproject_server", "network_finalproject\network_finalproject_server.csproj", "{351F2BBD-3B75-45DF-84F5-CD0681D4673B}"
EndProject
Global
	GlobalSection(SolutionConfigurationPlatforms) = preSolution
		Debug|Any CPU = Debug|Any CPU
		Release|Any CPU = Release|Any CPU
	EndGlobalSection
	GlobalSection(ProjectConfigurationPlatforms) = postSolution
		{351F2BBD-3B75-45DF-84F5-CD0681D4673B}.Debug|Any CPU.ActiveCfg = Debug|Any CPU
		{351F2BBD-3B75-45DF-84F5-CD0681D4673B}.Debug|Any CPU.Build.0 = Debug|Any CPU
		{351F2BBD-3B75-45DF-84F5-CD0681D4673B}.Release|Any CPU.ActiveCfg = Release|Any CPU
		{351F2BBD-3B75-45DF-84F5-CD0681D4673B}.Release|Any CPU.Build.0 = Release|Any CPU
	EndGlobalSection
	GlobalSection(SolutionProperties) = preSolution
		HideSolutionNode = FALSE
	EndGlobalSection
	GlobalSection(ExtensibilityGlobals) = postSolution
		SolutionGuid = {D06E6E4B-A918-4621-B51F-0ECD34B02A71}
	EndGlobalSection
EndGlobal
